
Microsoft Visual Studio Solution File, Format Version 12.00
# Visual Studio Version 17
VisualStudioVersion = 17.5.002.0
MinimumVisualStudioVersion = 10.0.40219.1
Project("{9A19103F-16F7-4668-BE54-9A1E7A4F7556}") = "Ranksterr.Mobile", "Ranksterr.Mobile.csproj", "{985B5391-EFDB-4BA9-9261-B9813296A93F}"
EndProject
Global
	GlobalSection(SolutionConfigurationPlatforms) = preSolution
		Debug|Any CPU = Debug|Any CPU
		Release|Any CPU = Release|Any CPU
	EndGlobalSection
	GlobalSection(ProjectConfigurationPlatforms) = postSolution
		{985B5391-EFDB-4BA9-9261-B9813296A93F}.Debug|Any CPU.ActiveCfg = Debug|Any CPU
		{985B5391-EFDB-4BA9-9261-B9813296A93F}.Debug|Any CPU.Build.0 = Debug|Any CPU
		{985B5391-EFDB-4BA9-9261-B9813296A93F}.Debug|Any CPU.Deploy.0 = Debug|Any CPU
		{985B5391-EFDB-4BA9-9261-B9813296A93F}.Release|Any CPU.ActiveCfg = Release|Any CPU
		{985B5391-EFDB-4BA9-9261-B9813296A93F}.Release|Any CPU.Build.0 = Release|Any CPU
	EndGlobalSection
	GlobalSection(SolutionProperties) = preSolution
		HideSolutionNode = FALSE
	EndGlobalSection
	GlobalSection(ExtensibilityGlobals) = postSolution
		SolutionGuid = {F771B675-B933-4DCC-9582-5376BDF3EB23}
	EndGlobalSection
EndGlobal
