
Microsoft Visual Studio Solution File, Format Version 12.00
# Visual Studio Version 17
VisualStudioVersion = 17.11.35312.102
MinimumVisualStudioVersion = 10.0.40219.1
Project("{00D1A9C2-B5F0-4AF3-8072-F6C62B433612}") = "Ranksterr.Database", "Ranksterr.Database.sqlproj", "{9B98E4F6-3513-42D8-9F5D-A6E7C779C1F2}"
EndProject
Global
	GlobalSection(SolutionConfigurationPlatforms) = preSolution
		Debug|Any CPU = Debug|Any CPU
		Release|Any CPU = Release|Any CPU
	EndGlobalSection
	GlobalSection(ProjectConfigurationPlatforms) = postSolution
		{9B98E4F6-3513-42D8-9F5D-A6E7C779C1F2}.Debug|Any CPU.ActiveCfg = Debug|Any CPU
		{9B98E4F6-3513-42D8-9F5D-A6E7C779C1F2}.Debug|Any CPU.Build.0 = Debug|Any CPU
		{9B98E4F6-3513-42D8-9F5D-A6E7C779C1F2}.Debug|Any CPU.Deploy.0 = Debug|Any CPU
		{9B98E4F6-3513-42D8-9F5D-A6E7C779C1F2}.Release|Any CPU.ActiveCfg = Release|Any CPU
		{9B98E4F6-3513-42D8-9F5D-A6E7C779C1F2}.Release|Any CPU.Build.0 = Release|Any CPU
		{9B98E4F6-3513-42D8-9F5D-A6E7C779C1F2}.Release|Any CPU.Deploy.0 = Release|Any CPU
	EndGlobalSection
	GlobalSection(SolutionProperties) = preSolution
		HideSolutionNode = FALSE
	EndGlobalSection
	GlobalSection(ExtensibilityGlobals) = postSolution
		SolutionGuid = {5CC34142-7007-41A5-B819-F15B170AA039}
	EndGlobalSection
EndGlobal
